{
  "object": {
    "pins": [
      {
        "package": "Files",
        "repositoryURL": "https://github.com/johnsundell/files",
        "state": {
          "branch": null,
          "revision": "06f95bd1bf4f8d5f50bc6bb30b808c253acd4c88",
          "version": "2.2.1"
        }
      },
      {
        "package": "Rainbow",
        "repositoryURL": "https://github.com/onevcat/Rainbow",
        "state": {
          "branch": null,
          "revision": "797a68d0a642609424b08f11eb56974a54d5f6e2",
          "version": "3.1.4"
        }
      }
    ]
  },
  "version": 1
}
